
Microsoft Visual Studio Solution File, Format Version 12.00
# Visual Studio 15
VisualStudioVersion = 15.0.28307.902
MinimumVisualStudioVersion = 10.0.40219.1
Project("{FAE04EC0-301F-11D3-BF4B-00C04F79EFBC}") = "ARMS", "ARMS\ARMS.csproj", "{B7B70E00-F3BD-4B1D-8A72-A4B05F9CAC85}"
EndProject
Project("{FAE04EC0-301F-11D3-BF4B-00C04F79EFBC}") = "ARMS.Data", "ARMS.Data\ARMS.Data.csproj", "{C8EFA12A-FB15-4B87-8B74-483BEE9574BA}"
EndProject
Project("{FAE04EC0-301F-11D3-BF4B-00C04F79EFBC}") = "ARMS.WebService", "ARMS.WebService\ARMS.WebService.csproj", "{2E579128-9E87-48EB-AFC2-A4C8DC5B5E2F}"
EndProject
Global
	GlobalSection(SolutionConfigurationPlatforms) = preSolution
		Debug|Any CPU = Debug|Any CPU
		Release|Any CPU = Release|Any CPU
	EndGlobalSection
	GlobalSection(ProjectConfigurationPlatforms) = postSolution
		{B7B70E00-F3BD-4B1D-8A72-A4B05F9CAC85}.Debug|Any CPU.ActiveCfg = Debug|Any CPU
		{B7B70E00-F3BD-4B1D-8A72-A4B05F9CAC85}.Debug|Any CPU.Build.0 = Debug|Any CPU
		{B7B70E00-F3BD-4B1D-8A72-A4B05F9CAC85}.Release|Any CPU.ActiveCfg = Release|Any CPU
		{B7B70E00-F3BD-4B1D-8A72-A4B05F9CAC85}.Release|Any CPU.Build.0 = Release|Any CPU
		{C8EFA12A-FB15-4B87-8B74-483BEE9574BA}.Debug|Any CPU.ActiveCfg = Debug|Any CPU
		{C8EFA12A-FB15-4B87-8B74-483BEE9574BA}.Debug|Any CPU.Build.0 = Debug|Any CPU
		{C8EFA12A-FB15-4B87-8B74-483BEE9574BA}.Release|Any CPU.ActiveCfg = Release|Any CPU
		{C8EFA12A-FB15-4B87-8B74-483BEE9574BA}.Release|Any CPU.Build.0 = Release|Any CPU
		{2E579128-9E87-48EB-AFC2-A4C8DC5B5E2F}.Debug|Any CPU.ActiveCfg = Debug|Any CPU
		{2E579128-9E87-48EB-AFC2-A4C8DC5B5E2F}.Debug|Any CPU.Build.0 = Debug|Any CPU
		{2E579128-9E87-48EB-AFC2-A4C8DC5B5E2F}.Release|Any CPU.ActiveCfg = Release|Any CPU
		{2E579128-9E87-48EB-AFC2-A4C8DC5B5E2F}.Release|Any CPU.Build.0 = Release|Any CPU
	EndGlobalSection
	GlobalSection(SolutionProperties) = preSolution
		HideSolutionNode = FALSE
	EndGlobalSection
	GlobalSection(ExtensibilityGlobals) = postSolution
		SolutionGuid = {025FFC3E-FCEA-43C5-8D9F-79B4FA73C250}
	EndGlobalSection
EndGlobal
